{
  "version": 4,
  "terraform_version": "1.3.9",
  "serial": 20,
  "lineage": "2f84507c-4276-eedf-19eb-c0cf0a2a7539",
  "outputs": {},
  "resources": [
    {
      "mode": "managed",
      "type": "local_file",
      "name": "devOps",
      "provider": "provider[\"registry.terraform.io/hashicorp/local\"]",
      "instances": [
        {
          "schema_version": 0,
          "attributes": {
            "content": "This is auto-generated file content",
            "content_base64": null,
            "content_base64sha256": "NkgTw+a9Y2N/VSB3/vGqy3hSVuDmBRUEGEOPlF/0cT0=",
            "content_base64sha512": "yRbItb/ypvAbyTQLwvUSrnhFoXSWDirmPrBn2gxLuGCl/JJx/aVrYow6r9RUIyUsPYiL9sMiSXa4RPLdZSBPLA==",
            "content_md5": "b4c1f4e0e41715fddf1cefd32999e421",
            "content_sha1": "11e558d945ccf5f009ff08f9d4fa6e1c7acbc3f1",
            "content_sha256": "364813c3e6bd63637f552077fef1aacb785256e0e605150418438f945ff4713d",
            "content_sha512": "c916c8b5bff2a6f01bc9340bc2f512ae7845a174960e2ae63eb067da0c4bb860a5fc9271fda56b628c3aafd45423252c3d888bf6c3224976b844f2dd65204f2c",
            "directory_permission": "0777",
            "file_permission": "0777",
            "filename": "/Users/Chait/Desktop/Terrform/terraform_variable/devops-automated.txt",
            "id": "11e558d945ccf5f009ff08f9d4fa6e1c7acbc3f1",
            "sensitive_content": null,
            "source": null
          },
          "sensitive_attributes": []
        }
      ]
    }
  ],
  "check_results": null
}
