{
  "version": 4,
  "terraform_version": "1.3.9",
  "serial": 83,
  "lineage": "07fe5ba0-0c3a-91c7-1e16-ceb01f53630b",
  "outputs": {},
  "resources": [
    {
      "mode": "managed",
      "type": "aws_s3_bucket",
      "name": "my_bucket",
      "provider": "provider[\"registry.terraform.io/hashicorp/aws\"]",
      "instances": [
        {
          "schema_version": 0,
          "attributes": {
            "acceleration_status": "",
            "acl": null,
            "arn": "arn:aws:s3:::chaitannyaa-terraform-state-bucket",
            "bucket": "chaitannyaa-terraform-state-bucket",
            "bucket_domain_name": "chaitannyaa-terraform-state-bucket.s3.amazonaws.com",
            "bucket_prefix": "",
            "bucket_regional_domain_name": "chaitannyaa-terraform-state-bucket.s3.amazonaws.com",
            "cors_rule": [],
            "force_destroy": false,
            "grant": [
              {
                "id": "885a5a9e82200a8eba68d64a68f6794ecfed57e6b9919c627db686e7341d876c",
                "permissions": [
                  "FULL_CONTROL"
                ],
                "type": "CanonicalUser",
                "uri": ""
              }
            ],
            "hosted_zone_id": "Z3AQBSTGFYJSTF",
            "id": "chaitannyaa-terraform-state-bucket",
            "lifecycle_rule": [],
            "logging": [],
            "object_lock_configuration": [],
            "object_lock_enabled": false,
            "policy": "",
            "region": "us-east-1",
            "replication_configuration": [],
            "request_payer": "BucketOwner",
            "server_side_encryption_configuration": [
              {
                "rule": [
                  {
                    "apply_server_side_encryption_by_default": [
                      {
                        "kms_master_key_id": "",
                        "sse_algorithm": "AES256"
                      }
                    ],
                    "bucket_key_enabled": false
                  }
                ]
              }
            ],
            "tags": null,
            "tags_all": {},
            "timeouts": null,
            "versioning": [
              {
                "enabled": false,
                "mfa_delete": false
              }
            ],
            "website": [],
            "website_domain": null,
            "website_endpoint": null
          },
          "sensitive_attributes": [],
          "private": "eyJlMmJmYjczMC1lY2FhLTExZTYtOGY4OC0zNDM2M2JjN2M0YzAiOnsiY3JlYXRlIjoxMjAwMDAwMDAwMDAwLCJkZWxldGUiOjM2MDAwMDAwMDAwMDAsInJlYWQiOjEyMDAwMDAwMDAwMDAsInVwZGF0ZSI6MTIwMDAwMDAwMDAwMH19"
        }
      ]
    },
    {
      "mode": "managed",
      "type": "aws_s3_bucket_versioning",
      "name": "my_bucket_versioning",
      "provider": "provider[\"registry.terraform.io/hashicorp/aws\"]",
      "instances": [
        {
          "schema_version": 0,
          "attributes": {
            "bucket": "chaitannyaa-terraform-state-bucket",
            "expected_bucket_owner": "",
            "id": "chaitannyaa-terraform-state-bucket",
            "mfa": null,
            "versioning_configuration": [
              {
                "mfa_delete": "",
                "status": "Enabled"
              }
            ]
          },
          "sensitive_attributes": [],
          "private": "bnVsbA==",
          "dependencies": [
            "aws_s3_bucket.my_bucket"
          ]
        }
      ]
    },
    {
      "mode": "managed",
      "type": "local_file",
      "name": "DevOps",
      "provider": "provider[\"registry.terraform.io/hashicorp/local\"]",
      "instances": [
        {
          "schema_version": 0,
          "attributes": {
            "content": "I am a DevOps engineer, who knows terraform very well",
            "content_base64": null,
            "content_base64sha256": "XmBEhgYDnXco1UagbP72GRXeGExNNSYeIiWcnPZFoJw=",
            "content_base64sha512": "jo5WOYGzhz0COkVx5BfRiIO5Jy4p/fUya03vIA53GyZ885GM28jlVFbyazUhamSg1WFFZJNqUpgcjUc2MLsxSA==",
            "content_md5": "3f5614cab33459ca0662e8fc51d9899b",
            "content_sha1": "c937284a74bc0b2bbd46c88a974d57ce6ccdfba0",
            "content_sha256": "5e60448606039d7728d546a06cfef61915de184c4d35261e22259c9cf645a09c",
            "content_sha512": "8e8e563981b3873d023a4571e417d18883b9272e29fdf5326b4def200e771b267cf3918cdbc8e55456f26b35216a64a0d5614564936a52981c8d473630bb3148",
            "directory_permission": "0777",
            "file_permission": "0777",
            "filename": "C:/Users/Chait/Desktop/Terrform/remote_state_management/terra_generated.txt",
            "id": "c937284a74bc0b2bbd46c88a974d57ce6ccdfba0",
            "sensitive_content": null,
            "source": null
          },
          "sensitive_attributes": []
        }
      ]
    }
  ],
  "check_results": null
}
